# This file is autogenerated, do not edit; changes may be undone by the next 'dep ensure'.


[[projects]]
  branch = "master"
  name = "github.com/andybalholm/cascadia"
  packages = ["."]
  revision = "349dd0209470eabd9514242c688c403c0926d266"

[[projects]]
  branch = "master"
  name = "golang.org/x/net"
  packages = ["html","html/atom"]
  revision = "c73622c77280266305273cb545f54516ced95b93"

[solve-meta]
  analyzer-name = "dep"
  analyzer-version = 1
  inputs-digest = "afda312909551f93dbdafba9effc2ccf0a8b307707a720075209e08e88591fb0"
  solver-name = "gps-cdcl"
  solver-version = 1
